
Microsoft Visual Studio Solution File, Format Version 12.00
# Visual Studio Version 17
VisualStudioVersion = 17.14.36511.14 d17.14
MinimumVisualStudioVersion = 10.0.40219.1
Project("{FAE04EC0-301F-11D3-BF4B-00C04F79EFBC}") = "SenderClient", "SenderClient\SenderClient.csproj", "{DC94E6EA-F42E-4034-A06E-8EB398E353E6}"
EndProject
Project("{FAE04EC0-301F-11D3-BF4B-00C04F79EFBC}") = "DisturberServer", "DisturberServer\DisturberServer.csproj", "{285A1620-7A3A-463E-8DAB-EC1130AA36C6}"
EndProject
Project("{FAE04EC0-301F-11D3-BF4B-00C04F79EFBC}") = "ReceiverClient", "ReceiverClient\ReceiverClient.csproj", "{56A85A4C-DDDC-4EBA-B40D-930B85E6779B}"
EndProject
Global
	GlobalSection(SolutionConfigurationPlatforms) = preSolution
		Debug|Any CPU = Debug|Any CPU
		Release|Any CPU = Release|Any CPU
	EndGlobalSection
	GlobalSection(ProjectConfigurationPlatforms) = postSolution
		{DC94E6EA-F42E-4034-A06E-8EB398E353E6}.Debug|Any CPU.ActiveCfg = Debug|Any CPU
		{DC94E6EA-F42E-4034-A06E-8EB398E353E6}.Debug|Any CPU.Build.0 = Debug|Any CPU
		{DC94E6EA-F42E-4034-A06E-8EB398E353E6}.Release|Any CPU.ActiveCfg = Release|Any CPU
		{DC94E6EA-F42E-4034-A06E-8EB398E353E6}.Release|Any CPU.Build.0 = Release|Any CPU
		{285A1620-7A3A-463E-8DAB-EC1130AA36C6}.Debug|Any CPU.ActiveCfg = Debug|Any CPU
		{285A1620-7A3A-463E-8DAB-EC1130AA36C6}.Debug|Any CPU.Build.0 = Debug|Any CPU
		{285A1620-7A3A-463E-8DAB-EC1130AA36C6}.Release|Any CPU.ActiveCfg = Release|Any CPU
		{285A1620-7A3A-463E-8DAB-EC1130AA36C6}.Release|Any CPU.Build.0 = Release|Any CPU
		{56A85A4C-DDDC-4EBA-B40D-930B85E6779B}.Debug|Any CPU.ActiveCfg = Debug|Any CPU
		{56A85A4C-DDDC-4EBA-B40D-930B85E6779B}.Debug|Any CPU.Build.0 = Debug|Any CPU
		{56A85A4C-DDDC-4EBA-B40D-930B85E6779B}.Release|Any CPU.ActiveCfg = Release|Any CPU
		{56A85A4C-DDDC-4EBA-B40D-930B85E6779B}.Release|Any CPU.Build.0 = Release|Any CPU
	EndGlobalSection
	GlobalSection(SolutionProperties) = preSolution
		HideSolutionNode = FALSE
	EndGlobalSection
	GlobalSection(ExtensibilityGlobals) = postSolution
		SolutionGuid = {D4777407-8D18-4A55-818D-FCE7D5C863C5}
	EndGlobalSection
EndGlobal
